
Microsoft Visual Studio Solution File, Format Version 12.00
# Visual Studio Version 16
VisualStudioVersion = 16.0.31005.135
MinimumVisualStudioVersion = 10.0.40219.1
Project("{FAE04EC0-301F-11D3-BF4B-00C04F79EFBC}") = "pallada", "pallada.csproj", "{C5D34C6A-B9A4-4D0D-9A7C-75744D13DBDD}"
EndProject
Global
	GlobalSection(SolutionConfigurationPlatforms) = preSolution
		Debug|Any CPU = Debug|Any CPU
		Release|Any CPU = Release|Any CPU
	EndGlobalSection
	GlobalSection(ProjectConfigurationPlatforms) = postSolution
		{C5D34C6A-B9A4-4D0D-9A7C-75744D13DBDD}.Debug|Any CPU.ActiveCfg = Debug|Any CPU
		{C5D34C6A-B9A4-4D0D-9A7C-75744D13DBDD}.Debug|Any CPU.Build.0 = Debug|Any CPU
		{C5D34C6A-B9A4-4D0D-9A7C-75744D13DBDD}.Release|Any CPU.ActiveCfg = Release|Any CPU
		{C5D34C6A-B9A4-4D0D-9A7C-75744D13DBDD}.Release|Any CPU.Build.0 = Release|Any CPU
	EndGlobalSection
	GlobalSection(SolutionProperties) = preSolution
		HideSolutionNode = FALSE
	EndGlobalSection
	GlobalSection(ExtensibilityGlobals) = postSolution
		SolutionGuid = {08018811-5C45-4D8D-AF7C-6435EEEADF69}
	EndGlobalSection
EndGlobal
